github.com/BurntSushi/toml v0.3.1 h1:WXkYYl6Yr3qBf1K79EBnL4mak0OimBfB0XUf9Vl28OQ=
github.com/BurntSushi/toml v0.3.1/go.mod h1:xHWCNGjB5oqiDr8zfno3MHue2Ht5sIBksp03qcyfWMU=
github.com/ChimeraCoder/anaconda v2.0.0+incompatible h1:F0eD7CHXieZ+VLboCD5UAqCeAzJZxcr90zSCcuJopJs=
github.com/ChimeraCoder/anaconda v2.0.0+incompatible/go.mod h1:TCt3MijIq3Qqo9SBtuW/rrM4x7rDfWqYWHj8T7hLcLg=
github.com/ChimeraCoder/tokenbucket v0.0.0-20131201223612-c5a927568de7 h1:r+EmXjfPosKO4wfiMLe1XQictsIlhErTufbWUsjOTZs=
github.com/ChimeraCoder/tokenbucket v0.0.0-20131201223612-c5a927568de7/go.mod h1:b2EuEMLSG9q3bZ95ql1+8oVqzzrTNSiOQqSXWFBzxeI=
github.com/andyleap/microformats v0.0.0-20150523144534-25ae286f528b h1:jnCPxFuWTxrUk9L7/0VIFL0mQGFFSwbH0sfQ7XwsTYg=
github.com/andyleap/microformats v0.0.0-20150523144534-25ae286f528b/go.mod h1:I3yyaN+QdpdChOtQg3ApgY01JRmFsXJASweq6Ye5A3s=
github.com/azr/backoff v0.0.0-20160115115103-53511d3c7330 h1:ekDALXAVvY/Ub1UtNta3inKQwZ/jMB/zpOtD8rAYh78=
github.com/azr/backoff v0.0.0-20160115115103-53511d3c7330/go.mod h1:nH+k0SvAt3HeiYyOlJpLLv1HG1p7KWP7qU9QPp2/pCo=
github.com/coreos/go-systemd v0.0.0-20181031085051-9002847aa142 h1:3jFq2xL4ZajGK4aZY8jz+DAF0FHjI51BXjjSwCzS1Dk=
github.com/coreos/go-systemd v0.0.0-20181031085051-9002847aa142/go.mod h1:F5haX7vjVVG0kc13fIWeqUViNPyEJxv/OmvnBo0Yme4=
github.com/davecgh/go-spew v1.1.0/go.mod h1:J7Y8YcW2NihsgmVo/mv3lAwl/skON4iLHjSsI+c5H38=
github.com/davecgh/go-spew v1.1.1 h1:vj9j/u1bqnvCEfJOwUhtlOARqs3+rkHYY13jYWTU97c=
github.com/davecgh/go-spew v1.1.1/go.mod h1:J7Y8YcW2NihsgmVo/mv3lAwl/skON4iLHjSsI+c5H38=
github.com/dustin/go-jsonpointer v0.0.0-20160814072949-ba0abeacc3dc h1:tP7tkU+vIsEOKiK+l/NSLN4uUtkyuxc6hgYpQeCWAeI=
github.com/dustin/go-jsonpointer v0.0.0-20160814072949-ba0abeacc3dc/go.mod h1:ORH5Qp2bskd9NzSfKqAF7tKfONsEkCarTE5ESr/RVBw=
github.com/dustin/gojson v0.0.0-20160307161227-2e71ec9dd5ad h1:Qk76DOWdOp+GlyDKBAG3Klr9cn7N+LcYc82AZ2S7+cA=
github.com/dustin/gojson v0.0.0-20160307161227-2e71ec9dd5ad/go.mod h1:mPKfmRa823oBIgl2r20LeMSpTAteW5j7FLkc0vjmzyQ=
github.com/garyburd/go-oauth v0.0.0-20180319155456-bca2e7f09a17 h1:GOfMz6cRgTJ9jWV0qAezv642OhPnKEG7gtUjJSdStHE=
github.com/garyburd/go-oauth v0.0.0-20180319155456-bca2e7f09a17/go.mod h1:HfkOCN6fkKKaPSAeNq/er3xObxTW4VLeY6UUK895gLQ=
github.com/gomodule/oauth1 v0.0.0-20181215000758-9a59ed3b0a84 h1:NlNEdePx7QY9Z4rds4EIe1dvUT8Ao1PZgLS80S5YTbU=
github.com/gomodule/oauth1 v0.0.0-20181215000758-9a59ed3b0a84/go.mod h1:4r/a8/3RkhMBxJQWL5qzbOEcaQmNPIkNoI7P8sXeI08=
github.com/google/uuid v1.1.1 h1:Gkbcsh/GbpXz7lPftLA3P6TYMwjCLYm83jiFQZF/3gY=
github.com/google/uuid v1.1.1/go.mod h1:TIyPZe4MgqvfeYDBFedMoGGpEw/LqOeaOT+nhxU+yHo=
github.com/gorilla/context v1.1.1 h1:AWwleXJkX/nhcU9bZSnZoi3h/qGYqQAGhq6zZe/aQW8=
github.com/gorilla/context v1.1.1/go.mod h1:kBGZzfjB9CEq2AlWe17Uuf7NDRt0dE0s8S51q0aT7Yg=
github.com/gorilla/feeds v1.1.1 h1:HwKXxqzcRNg9to+BbvJog4+f3s/xzvtZXICcQGutYfY=
github.com/gorilla/feeds v1.1.1/go.mod h1:Nk0jZrvPFZX1OBe5NPiddPw7CfwF6Q9eqzaBbaightA=
github.com/gorilla/securecookie v1.1.1 h1:miw7JPhV+b/lAHSXz4qd/nN9jRiAFV5FwjeKyCS8BvQ=
github.com/gorilla/securecookie v1.1.1/go.mod h1:ra0sb63/xPlUeL+yeDciTfxMRAA+MP+HVt/4epWDjd4=
github.com/gorilla/sessions v1.1.3 h1:uXoZdcdA5XdXF3QzuSlheVRUvjl+1rKY7zBXL68L9RU=
github.com/gorilla/sessions v1.1.3/go.mod h1:8KCfur6+4Mqcc6S0FEfKuN15Vl5MgXW92AE8ovaJD0w=
github.com/kr/pretty v0.2.0 h1:s5hAObm+yFO5uHYt5dYjxi2rXrsnmRpJx4OYvIWUaQs=
github.com/kr/pretty v0.2.0/go.mod h1:ipq/a2n7PKx3OHsz4KJII5eveXtPO4qwEXGdVfWzfnI=
github.com/kr/pty v1.1.1/go.mod h1:pFQYn66WHrOpPYNljwOMqo10TkYh1fy3cYio2l3bCsQ=
github.com/kr/text v0.1.0 h1:45sCR5RtlFHMR4UwH9sdQ5TC8v0qDQCHnXt+kaKSTVE=
github.com/kr/text v0.1.0/go.mod h1:4Jbv+DJW3UT/LiOwJeYQe1efqtUx/iVham/4vfdArNI=
github.com/kylelemons/godebug v0.0.0-20170820004349-d65d576e9348 h1:MtvEpTB6LX3vkb4ax0b5D2DHbNAUsen0Gx5wZoq3lV4=
github.com/kylelemons/godebug v0.0.0-20170820004349-d65d576e9348/go.mod h1:B69LEHPfb2qLo0BaaOLcbitczOKLWTsrBG9LczfCD4k=
github.com/mattn/go-sqlite3 v1.10.0 h1:jbhqpg7tQe4SupckyijYiy0mJJ/pRyHvXf7JdWK860o=
github.com/mattn/go-sqlite3 v1.10.0/go.mod h1:FPy6KqzDD04eiIsT53CuJW3U88zkxoIYsOqkbpncsNc=
github.com/peterhellberg/link v1.0.0 h1:mUWkiegowUXEcmlb+ybF75Q/8D2Y0BjZtR8cxoKhaQo=
github.com/peterhellberg/link v1.0.0/go.mod h1:gtSlOT4jmkY8P47hbTc8PTgiDDWpdPbFYl75keYyBB8=
github.com/pmezard/go-difflib v1.0.0 h1:4DBwDE0NGyQoBHbLQYPwSUPoCMWR5BEzIk/f1lZbAQM=
github.com/pmezard/go-difflib v1.0.0/go.mod h1:iKH77koFhYxTK1pcRnkKkqfTogsbg7gZNVY4sRDYZ/4=
github.com/stretchr/objx v0.1.0/go.mod h1:HFkY916IF+rwdDfMAkV7OtwuqBVzrE8GR6GFx+wExME=
github.com/stretchr/testify v1.2.2 h1:bSDNvY7ZPG5RlJ8otE/7V6gMiyenm9RtJ7IUVIAoJ1w=
github.com/stretchr/testify v1.2.2/go.mod h1:a8OnRcib4nhh0OaRAV+Yts87kKdq0PP7pXfy6kDkUVs=
github.com/stretchr/testify v1.3.0 h1:TivCn/peBQ7UY8ooIcPgZFpTNSz0Q2U6UrFlUfqbe0Q=
github.com/stretchr/testify v1.3.0/go.mod h1:M5WIy9Dh21IEIfnGCwXGc5bZfKNJtfHm1UVUgZn+9EI=
github.com/stretchr/testify v1.4.0 h1:2E4SXV/wtOkTonXsotYi4li6zVWxYlZuYNCXe9XRJyk=
github.com/stretchr/testify v1.4.0/go.mod h1:j7eGeouHqKxXV5pUuKE4zz7dFj8WfuZ+81PSLYec5m4=
github.com/tomnomnom/linkheader v0.0.0-20180905144013-02ca5825eb80 h1:nrZ3ySNYwJbSpD6ce9duiP+QkD3JuLCcWkdaehUS/3Y=
github.com/tomnomnom/linkheader v0.0.0-20180905144013-02ca5825eb80/go.mod h1:iFyPdL66DjUD96XmzVL3ZntbzcflLnznH0fr99w5VqE=
golang.org/x/crypto v0.0.0-20190308221718-c2843e01d9a2/go.mod h1:djNgcEr1/C05ACkg1iLfiJU5Ep61QUkGW8qpdssI0+w=
golang.org/x/net v0.0.0-20190213061140-3a22650c66bd h1:HuTn7WObtcDo9uEEU7rEqL0jYthdXAmZ6PP+meazmaU=
golang.org/x/net v0.0.0-20190213061140-3a22650c66bd/go.mod h1:mL1N/T3taQHkDXs73rZJwtUhF3w3ftmwwsq0BUmARs4=
golang.org/x/net v0.0.0-20190404232315-eb5bcb51f2a3 h1:0GoQqolDA55aaLxZyTzK/Y2ePZzZTUrRacwib7cNsYQ=
golang.org/x/net v0.0.0-20190404232315-eb5bcb51f2a3/go.mod h1:t9HGtf8HONx5eT2rtn7q6eTqICYqUVnKs3thJo3Qplg=
golang.org/x/net v0.0.0-20190613194153-d28f0bde5980 h1:dfGZHvZk057jK2MCeWus/TowKpJ8y4AmooUzdBSR9GU=
golang.org/x/net v0.0.0-20190613194153-d28f0bde5980/go.mod h1:z5CRVTTTmAJ677TzLLGU+0bjPO0LkuOLi4/5GtJWs/s=
golang.org/x/sys v0.0.0-20190215142949-d0b11bdaac8a/go.mod h1:STP8DvDyc/dI5b8T5hshtkjS+E42TnysNCUPdjciGhY=
golang.org/x/text v0.3.0/go.mod h1:NqM8EUOU14njkJ3fqMW+pc6Ldnwhi/IjpwHt7yyuwOQ=
gopkg.in/check.v1 v0.0.0-20161208181325-20d25e280405/go.mod h1:Co6ibVJAznAaIkqp8huTwlJQCZ016jof/cbN4VW5Yz0=
gopkg.in/yaml.v2 v2.2.2 h1:ZCJp+EgiOT7lHqUV2J862kp8Qj64Jo6az82+3Td9dZw=
gopkg.in/yaml.v2 v2.2.2/go.mod h1:hI93XBmqTisBFMUTm0b8Fm+jr3Dg1NNxqwp+5A1VGuI=
hawx.me/code/assert v0.0.0-20150803185601-4570da094475 h1:Bj8b81kYHaxzLu9dRxyRKrmZTujQzD5ccWkUTHUdpBg=
hawx.me/code/assert v0.0.0-20150803185601-4570da094475/go.mod h1:T9mMMImeViZqsnBMFwbc0TbTlDb+bwAPF0PUJpjam6s=
hawx.me/code/indieauth v1.0.0 h1:d54RMucTJ33YwmtZPCVaRyEpif0lpBw6PVyIQ4llNT4=
hawx.me/code/indieauth v1.0.0/go.mod h1:TYTLWey93ZhIFiHX/lqIlf2s5ADBsR4uVDcEK70/6wc=
hawx.me/code/indieauth v1.0.1 h1:QkwWqTXDPlPZ7d8TgtvL8TTkg+CLNokb+/X1pk8uzu0=
hawx.me/code/indieauth v1.0.1/go.mod h1:TYTLWey93ZhIFiHX/lqIlf2s5ADBsR4uVDcEK70/6wc=
hawx.me/code/indieauth v1.0.2-0.20190414103535-e45980f3aa4d h1:o7FjBpuLDi908moKFZfHcaK0OPH8sSzVhS2pyNUoeow=
hawx.me/code/indieauth v1.0.2-0.20190414103535-e45980f3aa4d/go.mod h1:TYTLWey93ZhIFiHX/lqIlf2s5ADBsR4uVDcEK70/6wc=
hawx.me/code/microformats v0.0.0-20191022183233-e97e4faa7a7d h1:CyaPInJMvtakRbx+fsJjffnY7EE8ahMd53cIn/TE4HI=
hawx.me/code/microformats v0.0.0-20191022183233-e97e4faa7a7d/go.mod h1:rzrxiBs9gAkK9hYUCnR5lf9itwfcDehpzSeCE1vzPgE=
hawx.me/code/microformats v0.0.0-20191022184242-49e59d72c0b9 h1:omJhcg0v2qubftjxdFbJMvnv06b8r+a/fxYAIBC9tV0=
hawx.me/code/microformats v0.0.0-20191022184242-49e59d72c0b9/go.mod h1:rzrxiBs9gAkK9hYUCnR5lf9itwfcDehpzSeCE1vzPgE=
hawx.me/code/mux v0.0.0-20171229202905-76b5c781b7be h1:9VsLoSnY4fuT3s3FGN0FfvLyxUBCf0fTTp83IPkWmvs=
hawx.me/code/mux v0.0.0-20171229202905-76b5c781b7be/go.mod h1:giDiKi08+l32ySywBkUVYkqQWuJgTLbK+RYR9qbvNw8=
hawx.me/code/mux v0.0.0-20200113153227-9b1ff45c6491 h1:2IfoRAxhykp2wE18eQAxJGRFPF0h7eJkuucBU4FYJCE=
hawx.me/code/mux v0.0.0-20200113153227-9b1ff45c6491/go.mod h1:BPhrLgBX+HyDtXiPXvyxbrYt5zpVEeSH2WgUD3XxCl4=
hawx.me/code/numbersix v0.0.0-20190411150752-c950ba47ee32 h1:EicsPaYcsPbSXGcriWWZtcE+s6E3TV58i/M40mLxONA=
hawx.me/code/numbersix v0.0.0-20190411150752-c950ba47ee32/go.mod h1:01SfZty+XY7sFK1M1UkfhH7ijSVaLThACAIgSpWk+v4=
hawx.me/code/numbersix v0.0.0-20190423131821-2ea2741582df h1:kRs0/VGyi7vnc2KTDLpOB9nVrd+tHPJVRZ/X+V0NhfE=
hawx.me/code/numbersix v0.0.0-20190423131821-2ea2741582df/go.mod h1:01SfZty+XY7sFK1M1UkfhH7ijSVaLThACAIgSpWk+v4=
hawx.me/code/numbersix v0.0.0-20191128191945-de81016271a4 h1:GOxWu2oSMYMy6TRVCCtlWzWWqF2seoLPyKxlCDhaQaY=
hawx.me/code/numbersix v0.0.0-20191128191945-de81016271a4/go.mod h1:01SfZty+XY7sFK1M1UkfhH7ijSVaLThACAIgSpWk+v4=
hawx.me/code/numbersix v0.0.0-20200111172810-978e04b150a9 h1:/jse5rKIUuc5FMWYW0WIVWEgo2ky6MBkOtqKFslgWTI=
hawx.me/code/numbersix v0.0.0-20200111172810-978e04b150a9/go.mod h1:01SfZty+XY7sFK1M1UkfhH7ijSVaLThACAIgSpWk+v4=
hawx.me/code/numbersix v0.0.0-20200127191504-26b4426584e4 h1:gREq8zbYPnq7Ts9tdYOQcAf2QpBVKudvZp+kuSi6XsU=
hawx.me/code/numbersix v0.0.0-20200127191504-26b4426584e4/go.mod h1:FU5+QN5PpfS9dCfhJBWwe7k1J7sotFu/ff8vENtBKqc=
hawx.me/code/route v1.0.0 h1:oSH04y0xTXUY5dflvRyUYl+yqs5J/lDvbOwMJc80sYY=
hawx.me/code/route v1.0.0/go.mod h1:SKWPgx9IKsK2Yy66xj1bSRBOTMwR6kFQcLMjgajaeAc=
hawx.me/code/serve v0.0.0-20190207181551-eb94630184cf h1:8rHeLEfK+pyTPkL/kH5THN2HgtfbuMeHnnneMFijo3Y=
hawx.me/code/serve v0.0.0-20190207181551-eb94630184cf/go.mod h1:3Nhu3uATqipwDDYpeaS/SEIBvC2vbO0hdqYmHffpwRU=
mvdan.cc/xurls v1.1.0 h1:kj0j2lonKseISJCiq1Tfk+iTv65dDGCl0rTbanXJGGc=
mvdan.cc/xurls v1.1.0/go.mod h1:TNWuhvo+IqbUCmtUIb/3LJSQdrzel8loVpgFm0HikbI=
mvdan.cc/xurls/v2 v2.1.0 h1:KaMb5GLhlcSX+e+qhbRJODnUUBvlw01jt4yrjFIHAuA=
mvdan.cc/xurls/v2 v2.1.0/go.mod h1:5GrSd9rOnKOpZaji1OZLYL/yeAAtGDlo/cFe+8K5n8E=
willnorris.com/go/microformats v1.0.0 h1:II6uDIJBPp6RpJQqRWm+6IN9lI00mN/jQAC5OHuF4HA=
willnorris.com/go/microformats v1.0.0/go.mod h1:AXRtimOA0J5fDmM2sxlka4G6PNLWC4bCNJcZjLvFdDw=
