github.com/coreos/go-systemd v0.0.0-20181031085051-9002847aa142 h1:3jFq2xL4ZajGK4aZY8jz+DAF0FHjI51BXjjSwCzS1Dk=
github.com/coreos/go-systemd v0.0.0-20181031085051-9002847aa142/go.mod h1:F5haX7vjVVG0kc13fIWeqUViNPyEJxv/OmvnBo0Yme4=
github.com/davecgh/go-spew v1.1.1 h1:vj9j/u1bqnvCEfJOwUhtlOARqs3+rkHYY13jYWTU97c=
github.com/davecgh/go-spew v1.1.1/go.mod h1:J7Y8YcW2NihsgmVo/mv3lAwl/skON4iLHjSsI+c5H38=
github.com/google/uuid v1.1.1 h1:Gkbcsh/GbpXz7lPftLA3P6TYMwjCLYm83jiFQZF/3gY=
github.com/google/uuid v1.1.1/go.mod h1:TIyPZe4MgqvfeYDBFedMoGGpEw/LqOeaOT+nhxU+yHo=
github.com/gorilla/context v1.1.1 h1:AWwleXJkX/nhcU9bZSnZoi3h/qGYqQAGhq6zZe/aQW8=
github.com/gorilla/context v1.1.1/go.mod h1:kBGZzfjB9CEq2AlWe17Uuf7NDRt0dE0s8S51q0aT7Yg=
github.com/gorilla/securecookie v1.1.1 h1:miw7JPhV+b/lAHSXz4qd/nN9jRiAFV5FwjeKyCS8BvQ=
github.com/gorilla/securecookie v1.1.1/go.mod h1:ra0sb63/xPlUeL+yeDciTfxMRAA+MP+HVt/4epWDjd4=
github.com/gorilla/sessions v1.1.3 h1:uXoZdcdA5XdXF3QzuSlheVRUvjl+1rKY7zBXL68L9RU=
github.com/gorilla/sessions v1.1.3/go.mod h1:8KCfur6+4Mqcc6S0FEfKuN15Vl5MgXW92AE8ovaJD0w=
github.com/kylelemons/godebug v0.0.0-20170820004349-d65d576e9348 h1:MtvEpTB6LX3vkb4ax0b5D2DHbNAUsen0Gx5wZoq3lV4=
github.com/kylelemons/godebug v0.0.0-20170820004349-d65d576e9348/go.mod h1:B69LEHPfb2qLo0BaaOLcbitczOKLWTsrBG9LczfCD4k=
github.com/mattn/go-sqlite3 v1.10.0 h1:jbhqpg7tQe4SupckyijYiy0mJJ/pRyHvXf7JdWK860o=
github.com/mattn/go-sqlite3 v1.10.0/go.mod h1:FPy6KqzDD04eiIsT53CuJW3U88zkxoIYsOqkbpncsNc=
github.com/peterhellberg/link v1.0.0 h1:mUWkiegowUXEcmlb+ybF75Q/8D2Y0BjZtR8cxoKhaQo=
github.com/peterhellberg/link v1.0.0/go.mod h1:gtSlOT4jmkY8P47hbTc8PTgiDDWpdPbFYl75keYyBB8=
github.com/pmezard/go-difflib v1.0.0 h1:4DBwDE0NGyQoBHbLQYPwSUPoCMWR5BEzIk/f1lZbAQM=
github.com/pmezard/go-difflib v1.0.0/go.mod h1:iKH77koFhYxTK1pcRnkKkqfTogsbg7gZNVY4sRDYZ/4=
github.com/stretchr/testify v1.2.2 h1:bSDNvY7ZPG5RlJ8otE/7V6gMiyenm9RtJ7IUVIAoJ1w=
github.com/stretchr/testify v1.2.2/go.mod h1:a8OnRcib4nhh0OaRAV+Yts87kKdq0PP7pXfy6kDkUVs=
golang.org/x/crypto v0.0.0-20190308221718-c2843e01d9a2/go.mod h1:djNgcEr1/C05ACkg1iLfiJU5Ep61QUkGW8qpdssI0+w=
golang.org/x/net v0.0.0-20190213061140-3a22650c66bd h1:HuTn7WObtcDo9uEEU7rEqL0jYthdXAmZ6PP+meazmaU=
golang.org/x/net v0.0.0-20190213061140-3a22650c66bd/go.mod h1:mL1N/T3taQHkDXs73rZJwtUhF3w3ftmwwsq0BUmARs4=
golang.org/x/net v0.0.0-20190404232315-eb5bcb51f2a3 h1:0GoQqolDA55aaLxZyTzK/Y2ePZzZTUrRacwib7cNsYQ=
golang.org/x/net v0.0.0-20190404232315-eb5bcb51f2a3/go.mod h1:t9HGtf8HONx5eT2rtn7q6eTqICYqUVnKs3thJo3Qplg=
golang.org/x/sys v0.0.0-20190215142949-d0b11bdaac8a/go.mod h1:STP8DvDyc/dI5b8T5hshtkjS+E42TnysNCUPdjciGhY=
golang.org/x/text v0.3.0/go.mod h1:NqM8EUOU14njkJ3fqMW+pc6Ldnwhi/IjpwHt7yyuwOQ=
hawx.me/code/assert v0.0.0-20150803185601-4570da094475 h1:Bj8b81kYHaxzLu9dRxyRKrmZTujQzD5ccWkUTHUdpBg=
hawx.me/code/assert v0.0.0-20150803185601-4570da094475/go.mod h1:T9mMMImeViZqsnBMFwbc0TbTlDb+bwAPF0PUJpjam6s=
hawx.me/code/indieauth v1.0.0 h1:d54RMucTJ33YwmtZPCVaRyEpif0lpBw6PVyIQ4llNT4=
hawx.me/code/indieauth v1.0.0/go.mod h1:TYTLWey93ZhIFiHX/lqIlf2s5ADBsR4uVDcEK70/6wc=
hawx.me/code/indieauth v1.0.1 h1:QkwWqTXDPlPZ7d8TgtvL8TTkg+CLNokb+/X1pk8uzu0=
hawx.me/code/indieauth v1.0.1/go.mod h1:TYTLWey93ZhIFiHX/lqIlf2s5ADBsR4uVDcEK70/6wc=
hawx.me/code/indieauth v1.0.2-0.20190414103535-e45980f3aa4d h1:o7FjBpuLDi908moKFZfHcaK0OPH8sSzVhS2pyNUoeow=
hawx.me/code/indieauth v1.0.2-0.20190414103535-e45980f3aa4d/go.mod h1:TYTLWey93ZhIFiHX/lqIlf2s5ADBsR4uVDcEK70/6wc=
hawx.me/code/mux v0.0.0-20171229202905-76b5c781b7be h1:9VsLoSnY4fuT3s3FGN0FfvLyxUBCf0fTTp83IPkWmvs=
hawx.me/code/mux v0.0.0-20171229202905-76b5c781b7be/go.mod h1:giDiKi08+l32ySywBkUVYkqQWuJgTLbK+RYR9qbvNw8=
hawx.me/code/numbersix v0.0.0-20190411150752-c950ba47ee32 h1:EicsPaYcsPbSXGcriWWZtcE+s6E3TV58i/M40mLxONA=
hawx.me/code/numbersix v0.0.0-20190411150752-c950ba47ee32/go.mod h1:01SfZty+XY7sFK1M1UkfhH7ijSVaLThACAIgSpWk+v4=
hawx.me/code/numbersix v0.0.0-20190423131821-2ea2741582df h1:kRs0/VGyi7vnc2KTDLpOB9nVrd+tHPJVRZ/X+V0NhfE=
hawx.me/code/numbersix v0.0.0-20190423131821-2ea2741582df/go.mod h1:01SfZty+XY7sFK1M1UkfhH7ijSVaLThACAIgSpWk+v4=
hawx.me/code/route v1.0.0 h1:oSH04y0xTXUY5dflvRyUYl+yqs5J/lDvbOwMJc80sYY=
hawx.me/code/route v1.0.0/go.mod h1:SKWPgx9IKsK2Yy66xj1bSRBOTMwR6kFQcLMjgajaeAc=
hawx.me/code/serve v0.0.0-20190207181551-eb94630184cf h1:8rHeLEfK+pyTPkL/kH5THN2HgtfbuMeHnnneMFijo3Y=
hawx.me/code/serve v0.0.0-20190207181551-eb94630184cf/go.mod h1:3Nhu3uATqipwDDYpeaS/SEIBvC2vbO0hdqYmHffpwRU=
willnorris.com/go/microformats v1.0.0 h1:II6uDIJBPp6RpJQqRWm+6IN9lI00mN/jQAC5OHuF4HA=
willnorris.com/go/microformats v1.0.0/go.mod h1:AXRtimOA0J5fDmM2sxlka4G6PNLWC4bCNJcZjLvFdDw=
